<?xml version="1.0" encoding="utf-8"?>
<Project ToolsVersion="4.0" xmlns="http://schemas.microsoft.com/developer/msbuild/2003">
  <ItemGroup>
    <Filter Include="Source Files">
      <UniqueIdentifier>{4FC737F1-C7A5-4376-A066-2A32D752A2FF}</UniqueIdentifier>
      <Extensions>cpp;c;cc;cxx;def;odl;idl;hpj;bat;asm;asmx</Extensions>
    </Filter>
    <Filter Include="Header Files">
      <UniqueIdentifier>{93995380-89BD-4b04-88EB-625FBE52EBFB}</UniqueIdentifier>
      <Extensions>h;hh;hpp;hxx;hm;inl;inc;xsd</Extensions>
    </Filter>
    <Filter Include="Resource Files">
      <UniqueIdentifier>{67DA6AB6-F800-4c08-8B7A-83BB121AAD01}</UniqueIdentifier>
      <Extensions>rc;ico;cur;bmp;dlg;rc2;rct;bin;rgs;gif;jpg;jpeg;jpe;resx;tiff;tif;png;wav;mfcribbon-ms</Extensions>
    </Filter>
    <Filter Include="Header Files\State">
      <UniqueIdentifier>{ffb7eee6-0e94-427b-82ce-e073cf70fa96}</UniqueIdentifier>
    </Filter>
    <Filter Include="Source Files\State">
      <UniqueIdentifier>{f4d05fa1-8d15-4350-89c6-1620129d621f}</UniqueIdentifier>
    </Filter>
  </ItemGroup>
  <ItemGroup>
    <ClCompile Include="main.cpp">
      <Filter>Source Files</Filter>
    </ClCompile>
    <ClCompile Include="MelleeStatesment.cpp">
      <Filter>Source Files\State</Filter>
    </ClCompile>
    <ClCompile Include="MooraStatesment.cpp">
      <Filter>Source Files\State</Filter>
    </ClCompile>
    <ClCompile Include="StateMelee.cpp">
      <Filter>Source Files\State</Filter>
    </ClCompile>
    <ClCompile Include="StateMoora.cpp">
      <Filter>Source Files\State</Filter>
    </ClCompile>
    <ClCompile Include="TransferMelleToMoora.cpp">
      <Filter>Source Files</Filter>
    </ClCompile>
    <ClCompile Include="TransferMoorToMellee.cpp">
      <Filter>Source Files</Filter>
    </ClCompile>
    <ClCompile Include="StateNotDeterm.cpp">
      <Filter>Source Files\State</Filter>
    </ClCompile>
    <ClCompile Include="NotDeterStatesment.cpp">
      <Filter>Source Files\State</Filter>
    </ClCompile>
    <ClCompile Include="StateDeterm.cpp">
      <Filter>Source Files\State</Filter>
    </ClCompile>
    <ClCompile Include="DeterStatesment.cpp">
      <Filter>Source Files\State</Filter>
    </ClCompile>
    <ClCompile Include="DeterminateAutomates.cpp">
      <Filter>Source Files</Filter>
    </ClCompile>
    <ClCompile Include="EquivalenceСhecking.cpp">
      <Filter>Source Files</Filter>
    </ClCompile>
  </ItemGroup>
  <ItemGroup>
    <ClInclude Include="stdafx.h">
      <Filter>Header Files</Filter>
    </ClInclude>
    <ClInclude Include="MelleeStatesment.h">
      <Filter>Header Files\State</Filter>
    </ClInclude>
    <ClInclude Include="StateMoora.h">
      <Filter>Header Files\State</Filter>
    </ClInclude>
    <ClInclude Include="MooraStatesment.h">
      <Filter>Header Files\State</Filter>
    </ClInclude>
    <ClInclude Include="StateMelee.h">
      <Filter>Header Files\State</Filter>
    </ClInclude>
    <ClInclude Include="TransferMelleToMoora.h">
      <Filter>Header Files</Filter>
    </ClInclude>
    <ClInclude Include="TransferMoorToMellee.h">
      <Filter>Header Files</Filter>
    </ClInclude>
    <ClInclude Include="StateNotDeterm.h">
      <Filter>Header Files\State</Filter>
    </ClInclude>
    <ClInclude Include="NotDeterStatesment.h">
      <Filter>Header Files\State</Filter>
    </ClInclude>
    <ClInclude Include="StateDeterm.h">
      <Filter>Header Files\State</Filter>
    </ClInclude>
    <ClInclude Include="DeterminateAutomates.h">
      <Filter>Header Files</Filter>
    </ClInclude>
    <ClInclude Include="DeterStatesment.h">
      <Filter>Header Files\State</Filter>
    </ClInclude>
    <ClInclude Include="EquivalenceСhecking.h">
      <Filter>Header Files</Filter>
    </ClInclude>
  </ItemGroup>
</Project>